
Microsoft Visual Studio Solution File, Format Version 12.00
# Visual Studio Version 16
VisualStudioVersion = 16.0.30523.141
MinimumVisualStudioVersion = 10.0.40219.1
Project("{FAE04EC0-301F-11D3-BF4B-00C04F79EFBC}") = "CSharpStudyTest", "CSharpStudyTest\CSharpStudyTest.csproj", "{778037AC-C9F2-4D8A-8B3A-BDA4F6280233}"
EndProject
Project("{FAE04EC0-301F-11D3-BF4B-00C04F79EFBC}") = "CSharpStudy", "CSharpStudy\CSharpStudy.csproj", "{8FB2507C-837F-4BAF-A29A-DD7D9A305A82}"
EndProject
Global
	GlobalSection(SolutionConfigurationPlatforms) = preSolution
		Debug|Any CPU = Debug|Any CPU
		Release|Any CPU = Release|Any CPU
	EndGlobalSection
	GlobalSection(ProjectConfigurationPlatforms) = postSolution
		{778037AC-C9F2-4D8A-8B3A-BDA4F6280233}.Debug|Any CPU.ActiveCfg = Debug|Any CPU
		{778037AC-C9F2-4D8A-8B3A-BDA4F6280233}.Debug|Any CPU.Build.0 = Debug|Any CPU
		{778037AC-C9F2-4D8A-8B3A-BDA4F6280233}.Release|Any CPU.ActiveCfg = Release|Any CPU
		{778037AC-C9F2-4D8A-8B3A-BDA4F6280233}.Release|Any CPU.Build.0 = Release|Any CPU
		{8FB2507C-837F-4BAF-A29A-DD7D9A305A82}.Debug|Any CPU.ActiveCfg = Debug|Any CPU
		{8FB2507C-837F-4BAF-A29A-DD7D9A305A82}.Debug|Any CPU.Build.0 = Debug|Any CPU
		{8FB2507C-837F-4BAF-A29A-DD7D9A305A82}.Release|Any CPU.ActiveCfg = Release|Any CPU
		{8FB2507C-837F-4BAF-A29A-DD7D9A305A82}.Release|Any CPU.Build.0 = Release|Any CPU
	EndGlobalSection
	GlobalSection(SolutionProperties) = preSolution
		HideSolutionNode = FALSE
	EndGlobalSection
	GlobalSection(ExtensibilityGlobals) = postSolution
		SolutionGuid = {2860C7B8-12B8-48FE-B8FD-71DFCA20000E}
	EndGlobalSection
EndGlobal
